{
  "name": "pact-message-example",
  "version": "1.0.0",
  "lockfileVersion": 1,
  "requires": true,
  "dependencies": {
    "@types/mocha": {
      "version": "2.2.48",
      "resolved": "https://registry.npmjs.org/@types/mocha/-/mocha-2.2.48.tgz",
      "integrity": "sha512-nlK/iyETgafGli8Zh9zJVCTicvU3iajSkRwOh3Hhiva598CMqNJ4NcVCGMTGKpGpTYj/9R8RLzS9NAykSSCqGw==",
      "dev": true
    },
    "chai": {
      "version": "3.5.0",
      "resolved": "https://registry.npmjs.org/chai/-/chai-3.5.0.tgz",
      "integrity": "sha1-TQJjewZ/6Vi9v906QOxW/vc3Mkc=",
      "dev": true
    },
    "debug": {
      "version": "3.1.0",
      "resolved": "https://registry.npmjs.org/debug/-/debug-3.1.0.tgz",
      "integrity": "sha512-OX8XqP7/1a9cqkxYw2yXss15f26NKWBpDXQd0/uK/KPqdQhxbPa994hnzjcE2VqQpDslf55723cKPUOGSmMY3g==",
      "dev": true,
      "requires": {
        "ms": "2.0.0"
      }
    },
    "escape-string-regexp": {
      "version": "1.0.5",
      "resolved": "https://registry.npmjs.org/escape-string-regexp/-/escape-string-regexp-1.0.5.tgz",
      "integrity": "sha1-G2HAViGQqN/2rjuyzwIAyhMLhtQ=",
      "dev": true
    },
    "fs.realpath": {
      "version": "1.0.0",
      "resolved": "https://registry.npmjs.org/fs.realpath/-/fs.realpath-1.0.0.tgz",
      "integrity": "sha1-FQStJSMVjKpA20onh8sBQRmU6k8=",
      "dev": true
    },
    "growl": {
      "version": "1.10.5",
      "resolved": "https://registry.npmjs.org/growl/-/growl-1.10.5.tgz",
      "integrity": "sha512-qBr4OuELkhPenW6goKVXiv47US3clb3/IbuWF9KNKEijAy9oeHxU9IgzjvJhHkUzhaj7rOUD7+YGWqUjLp5oSA==",
      "dev": true
    },
    "he": {
      "version": "1.1.1",
      "resolved": "https://registry.npmjs.org/he/-/he-1.1.1.tgz",
      "integrity": "sha1-k0EP0hsAlzUVH4howvJx80J+I/0=",
      "dev": true
    },
    "inflight": {
      "version": "1.0.6",
      "resolved": "https://registry.npmjs.org/inflight/-/inflight-1.0.6.tgz",
      "integrity": "sha1-Sb1jMdfQLQwJvJEKEHW6gWW1bfk=",
      "dev": true
    },
    "inherits": {
      "version": "2.0.3",
      "resolved": "https://registry.npmjs.org/inherits/-/inherits-2.0.3.tgz",
      "integrity": "sha1-Yzwsg+PaQqUC9SRmAiSA9CCCYd4=",
      "dev": true
    },
    "minimatch": {
      "version": "3.0.4",
      "resolved": "https://registry.npmjs.org/minimatch/-/minimatch-3.0.4.tgz",
      "integrity": "sha512-yJHVQEhyqPLUTgt9B83PXu6W3rx4MvvHvSUvToogpwoGDOUQ+yDrR0HRot+yOCdCO7u4hX3pWft6kWBBcqh0UA==",
      "dev": true
    },
    "mkdirp": {
      "version": "0.5.1",
      "resolved": "https://registry.npmjs.org/mkdirp/-/mkdirp-0.5.1.tgz",
      "integrity": "sha1-MAV0OOrGz3+MR2fzhkjWaX11yQM=",
      "dev": true
    },
    "mocha": {
      "version": "5.2.0",
      "resolved": "https://registry.npmjs.org/mocha/-/mocha-5.2.0.tgz",
      "integrity": "sha512-2IUgKDhc3J7Uug+FxMXuqIyYzH7gJjXECKe/w43IGgQHTSj3InJi+yAA7T24L9bQMRKiUEHxEX37G5JpVUGLcQ==",
      "dev": true,
      "requires": {
        "browser-stdout": "1.3.1",
        "commander": "2.15.1",
        "debug": "3.1.0",
        "diff": "3.5.0",
        "escape-string-regexp": "1.0.5",
        "glob": "7.1.2",
        "growl": "1.10.5",
        "he": "1.1.1",
        "minimatch": "3.0.4",
        "mkdirp": "0.5.1",
        "supports-color": "5.4.0"
      },
      "dependencies": {
        "browser-stdout": {
          "version": "1.3.1",
          "resolved": "https://registry.npmjs.org/browser-stdout/-/browser-stdout-1.3.1.tgz",
          "integrity": "sha512-qhAVI1+Av2X7qelOfAIYwXONood6XlZE/fXaBSmW/T5SzLAmCgzi+eiWE7fUvbHaeNBQH13UftjpXxsfLkMpgw==",
          "dev": true
        },
        "commander": {
          "version": "2.15.1",
          "resolved": "https://registry.npmjs.org/commander/-/commander-2.15.1.tgz",
          "integrity": "sha512-VlfT9F3V0v+jr4yxPc5gg9s62/fIVWsd2Bk2iD435um1NlGMYdVCq+MjcXnhYq2icNOizHr1kK+5TI6H0Hy0ag==",
          "dev": true
        },
        "diff": {
          "version": "3.5.0",
          "resolved": "https://registry.npmjs.org/diff/-/diff-3.5.0.tgz",
          "integrity": "sha512-A46qtFgd+g7pDZinpnwiRJtxbC1hpgf0uzP3iG89scHk0AUC7A1TGxf5OiiOUv/JMZR8GOt8hL900hV0bOy5xA==",
          "dev": true
        },
        "glob": {
          "version": "7.1.2",
          "resolved": "https://registry.npmjs.org/glob/-/glob-7.1.2.tgz",
          "integrity": "sha512-MJTUg1kjuLeQCJ+ccE4Vpa6kKVXkPYJ2mOCQyUuKLcLQsdrMCpBPUi8qVE6+YuaJkozeA9NusTAw3hLr8Xe5EQ==",
          "dev": true,
          "requires": {
            "fs.realpath": "^1.0.0",
            "inflight": "^1.0.4",
            "inherits": "2",
            "minimatch": "^3.0.4",
            "once": "^1.3.0",
            "path-is-absolute": "^1.0.0"
          }
        },
        "has-flag": {
          "version": "3.0.0",
          "resolved": "https://registry.npmjs.org/has-flag/-/has-flag-3.0.0.tgz",
          "integrity": "sha1-tdRU3CGZriJWmfNGfloH87lVuv0=",
          "dev": true
        },
        "supports-color": {
          "version": "5.4.0",
          "resolved": "https://registry.npmjs.org/supports-color/-/supports-color-5.4.0.tgz",
          "integrity": "sha512-zjaXglF5nnWpsq470jSv6P9DwPvgLkuapYmfDm3JWOm0vkNTVF2tI4UrN2r6jH1qM/uc/WtxYY1hYoA2dOKj5w==",
          "dev": true,
          "requires": {
            "has-flag": "^3.0.0"
          }
        }
      }
    },
    "ms": {
      "version": "2.0.0",
      "resolved": "https://registry.npmjs.org/ms/-/ms-2.0.0.tgz",
      "integrity": "sha1-VgiurfwAvmwpAd9fmGF4jeDVl8g=",
      "dev": true
    },
    "nyc": {
      "version": "11.6.0",
      "resolved": "https://registry.npmjs.org/nyc/-/nyc-11.6.0.tgz",
      "integrity": "sha512-ZaXCh0wmbk2aSBH2B5hZGGvK2s9aM8DIm2rVY+BG3Fx8tUS+bpJSswUVZqOD1YfCmnYRFSqgYJSr7UeeUcW0jg==",
      "dev": true,
      "dependencies": {
        "align-text": {
          "version": "0.1.4",
          "bundled": true
        },
        "amdefine": {
          "version": "1.0.1",
          "bundled": true
        },
        "ansi-regex": {
          "version": "2.1.1",
          "bundled": true
        },
        "ansi-styles": {
          "version": "2.2.1",
          "bundled": true
        },
        "append-transform": {
          "version": "0.4.0",
          "bundled": true
        },
        "archy": {
          "version": "1.0.0",
          "bundled": true
        },
        "arr-diff": {
          "version": "2.0.0",
          "bundled": true
        },
        "arr-flatten": {
          "version": "1.1.0",
          "bundled": true
        },
        "arr-union": {
          "version": "3.1.0",
          "bundled": true
        },
        "array-unique": {
          "version": "0.2.1",
          "bundled": true
        },
        "arrify": {
          "version": "1.0.1",
          "bundled": true
        },
        "assign-symbols": {
          "version": "1.0.0",
          "bundled": true
        },
        "async": {
          "version": "1.5.2",
          "bundled": true
        },
        "atob": {
          "version": "2.0.3",
          "bundled": true
        },
        "babel-code-frame": {
          "version": "6.26.0",
          "bundled": true
        },
        "babel-generator": {
          "version": "6.26.1",
          "bundled": true
        },
        "babel-messages": {
          "version": "6.23.0",
          "bundled": true
        },
        "babel-runtime": {
          "version": "6.26.0",
          "bundled": true
        },
        "babel-template": {
          "version": "6.26.0",
          "bundled": true
        },
        "babel-traverse": {
          "version": "6.26.0",
          "bundled": true
        },
        "babel-types": {
          "version": "6.26.0",
          "bundled": true
        },
        "babylon": {
          "version": "6.18.0",
          "bundled": true
        },
        "balanced-match": {
          "version": "1.0.0",
          "bundled": true
        },
        "base": {
          "version": "0.11.2",
          "bundled": true,
          "dependencies": {
            "define-property": {
              "version": "1.0.0",
              "bundled": true
            },
            "isobject": {
              "version": "3.0.1",
              "bundled": true
            }
          }
        },
        "brace-expansion": {
          "version": "1.1.11",
          "bundled": true
        },
        "braces": {
          "version": "1.8.5",
          "bundled": true
        },
        "builtin-modules": {
          "version": "1.1.1",
          "bundled": true
        },
        "cache-base": {
          "version": "1.0.1",
          "bundled": true,
          "dependencies": {
            "isobject": {
              "version": "3.0.1",
              "bundled": true
            }
          }
        },
        "caching-transform": {
          "version": "1.0.1",
          "bundled": true
        },
        "camelcase": {
          "version": "1.2.1",
          "bundled": true
        },
        "center-align": {
          "version": "0.1.3",
          "bundled": true
        },
        "chalk": {
          "version": "1.1.3",
          "bundled": true
        },
        "class-utils": {
          "version": "0.3.6",
          "bundled": true,
          "dependencies": {
            "define-property": {
              "version": "0.2.5",
              "bundled": true
            },
            "is-accessor-descriptor": {
              "version": "0.1.6",
              "bundled": true,
              "dependencies": {
                "kind-of": {
                  "version": "3.2.2",
                  "bundled": true
                }
              }
            },
            "is-data-descriptor": {
              "version": "0.1.4",
              "bundled": true,
              "dependencies": {
                "kind-of": {
                  "version": "3.2.2",
                  "bundled": true
                }
              }
            },
            "is-descriptor": {
              "version": "0.1.6",
              "bundled": true
            },
            "isobject": {
              "version": "3.0.1",
              "bundled": true
            },
            "kind-of": {
              "version": "5.1.0",
              "bundled": true
            }
          }
        },
        "cliui": {
          "version": "2.1.0",
          "bundled": true,
          "dependencies": {
            "wordwrap": {
              "version": "0.0.2",
              "bundled": true
            }
          }
        },
        "code-point-at": {
          "version": "1.1.0",
          "bundled": true
        },
        "collection-visit": {
          "version": "1.0.0",
          "bundled": true
        },
        "commondir": {
          "version": "1.0.1",
          "bundled": true
        },
        "component-emitter": {
          "version": "1.2.1",
          "bundled": true
        },
        "concat-map": {
          "version": "0.0.1",
          "bundled": true
        },
        "convert-source-map": {
          "version": "1.5.1",
          "bundled": true
        },
        "copy-descriptor": {
          "version": "0.1.1",
          "bundled": true
        },
        "core-js": {
          "version": "2.5.3",
          "bundled": true
        },
        "cross-spawn": {
          "version": "4.0.2",
          "bundled": true
        },
        "debug": {
          "version": "2.6.9",
          "bundled": true
        },
        "debug-log": {
          "version": "1.0.1",
          "bundled": true
        },
        "decamelize": {
          "version": "1.2.0",
          "bundled": true
        },
        "decode-uri-component": {
          "version": "0.2.0",
          "bundled": true
        },
        "default-require-extensions": {
          "version": "1.0.0",
          "bundled": true
        },
        "define-property": {
          "version": "2.0.2",
          "bundled": true,
          "dependencies": {
            "isobject": {
              "version": "3.0.1",
              "bundled": true
            }
          }
        },
        "detect-indent": {
          "version": "4.0.0",
          "bundled": true
        },
        "error-ex": {
          "version": "1.3.1",
          "bundled": true
        },
        "escape-string-regexp": {
          "version": "1.0.5",
          "bundled": true
        },
        "esutils": {
          "version": "2.0.2",
          "bundled": true
        },
        "execa": {
          "version": "0.7.0",
          "bundled": true,
          "dependencies": {
            "cross-spawn": {
              "version": "5.1.0",
              "bundled": true
            }
          }
        },
        "expand-brackets": {
          "version": "0.1.5",
          "bundled": true
        },
        "expand-range": {
          "version": "1.8.2",
          "bundled": true
        },
        "extend-shallow": {
          "version": "3.0.2",
          "bundled": true,
          "dependencies": {
            "is-extendable": {
              "version": "1.0.1",
              "bundled": true
            }
          }
        },
        "extglob": {
          "version": "0.3.2",
          "bundled": true
        },
        "filename-regex": {
          "version": "2.0.1",
          "bundled": true
        },
        "fill-range": {
          "version": "2.2.3",
          "bundled": true
        },
        "find-cache-dir": {
          "version": "0.1.1",
          "bundled": true
        },
        "find-up": {
          "version": "2.1.0",
          "bundled": true
        },
        "for-in": {
          "version": "1.0.2",
          "bundled": true
        },
        "for-own": {
          "version": "0.1.5",
          "bundled": true
        },
        "foreground-child": {
          "version": "1.5.6",
          "bundled": true
        },
        "fragment-cache": {
          "version": "0.2.1",
          "bundled": true
        },
        "fs.realpath": {
          "version": "1.0.0",
          "bundled": true
        },
        "get-caller-file": {
          "version": "1.0.2",
          "bundled": true
        },
        "get-stream": {
          "version": "3.0.0",
          "bundled": true
        },
        "get-value": {
          "version": "2.0.6",
          "bundled": true
        },
        "glob": {
          "version": "7.1.2",
          "bundled": true
        },
        "glob-base": {
          "version": "0.3.0",
          "bundled": true
        },
        "glob-parent": {
          "version": "2.0.0",
          "bundled": true
        },
        "globals": {
          "version": "9.18.0",
          "bundled": true
        },
        "graceful-fs": {
          "version": "4.1.11",
          "bundled": true
        },
        "handlebars": {
          "version": "4.0.11",
          "bundled": true,
          "dependencies": {
            "source-map": {
              "version": "0.4.4",
              "bundled": true
            }
          }
        },
        "has-ansi": {
          "version": "2.0.0",
          "bundled": true
        },
        "has-flag": {
          "version": "1.0.0",
          "bundled": true
        },
        "has-value": {
          "version": "1.0.0",
          "bundled": true,
          "dependencies": {
            "isobject": {
              "version": "3.0.1",
              "bundled": true
            }
          }
        },
        "has-values": {
          "version": "1.0.0",
          "bundled": true,
          "dependencies": {
            "is-number": {
              "version": "3.0.0",
              "bundled": true,
              "dependencies": {
                "kind-of": {
                  "version": "3.2.2",
                  "bundled": true
                }
              }
            },
            "kind-of": {
              "version": "4.0.0",
              "bundled": true
            }
          }
        },
        "hosted-git-info": {
          "version": "2.6.0",
          "bundled": true
        },
        "imurmurhash": {
          "version": "0.1.4",
          "bundled": true
        },
        "inflight": {
          "version": "1.0.6",
          "bundled": true
        },
        "inherits": {
          "version": "2.0.3",
          "bundled": true
        },
        "invariant": {
          "version": "2.2.3",
          "bundled": true
        },
        "invert-kv": {
          "version": "1.0.0",
          "bundled": true
        },
        "is-accessor-descriptor": {
          "version": "1.0.0",
          "bundled": true,
          "dependencies": {
            "kind-of": {
              "version": "6.0.2",
              "bundled": true
            }
          }
        },
        "is-arrayish": {
          "version": "0.2.1",
          "bundled": true
        },
        "is-buffer": {
          "version": "1.1.6",
          "bundled": true
        },
        "is-builtin-module": {
          "version": "1.0.0",
          "bundled": true
        },
        "is-data-descriptor": {
          "version": "1.0.0",
          "bundled": true,
          "dependencies": {
            "kind-of": {
              "version": "6.0.2",
              "bundled": true
            }
          }
        },
        "is-descriptor": {
          "version": "1.0.2",
          "bundled": true,
          "dependencies": {
            "kind-of": {
              "version": "6.0.2",
              "bundled": true
            }
          }
        },
        "is-dotfile": {
          "version": "1.0.3",
          "bundled": true
        },
        "is-equal-shallow": {
          "version": "0.1.3",
          "bundled": true
        },
        "is-extendable": {
          "version": "0.1.1",
          "bundled": true
        },
        "is-extglob": {
          "version": "1.0.0",
          "bundled": true
        },
        "is-finite": {
          "version": "1.0.2",
          "bundled": true
        },
        "is-fullwidth-code-point": {
          "version": "2.0.0",
          "bundled": true
        },
        "is-glob": {
          "version": "2.0.1",
          "bundled": true
        },
        "is-number": {
          "version": "2.1.0",
          "bundled": true
        },
        "is-odd": {
          "version": "2.0.0",
          "bundled": true,
          "dependencies": {
            "is-number": {
              "version": "4.0.0",
              "bundled": true
            }
          }
        },
        "is-plain-object": {
          "version": "2.0.4",
          "bundled": true,
          "dependencies": {
            "isobject": {
              "version": "3.0.1",
              "bundled": true
            }
          }
        },
        "is-posix-bracket": {
          "version": "0.1.1",
          "bundled": true
        },
        "is-primitive": {
          "version": "2.0.0",
          "bundled": true
        },
        "is-stream": {
          "version": "1.1.0",
          "bundled": true
        },
        "is-utf8": {
          "version": "0.2.1",
          "bundled": true
        },
        "is-windows": {
          "version": "1.0.2",
          "bundled": true
        },
        "isarray": {
          "version": "1.0.0",
          "bundled": true
        },
        "isexe": {
          "version": "2.0.0",
          "bundled": true
        },
        "isobject": {
          "version": "2.1.0",
          "bundled": true
        },
        "istanbul-lib-coverage": {
          "version": "1.2.0",
          "bundled": true
        },
        "istanbul-lib-hook": {
          "version": "1.1.0",
          "bundled": true
        },
        "istanbul-lib-instrument": {
          "version": "1.10.1",
          "bundled": true
        },
        "istanbul-lib-report": {
          "version": "1.1.3",
          "bundled": true,
          "dependencies": {
            "supports-color": {
              "version": "3.2.3",
              "bundled": true
            }
          }
        },
        "istanbul-lib-source-maps": {
          "version": "1.2.3",
          "bundled": true,
          "dependencies": {
            "debug": {
              "version": "3.1.0",
              "bundled": true
            }
          }
        },
        "istanbul-reports": {
          "version": "1.3.0",
          "bundled": true
        },
        "js-tokens": {
          "version": "3.0.2",
          "bundled": true
        },
        "jsesc": {
          "version": "1.3.0",
          "bundled": true
        },
        "kind-of": {
          "version": "3.2.2",
          "bundled": true
        },
        "lazy-cache": {
          "version": "1.0.4",
          "bundled": true
        },
        "lcid": {
          "version": "1.0.0",
          "bundled": true
        },
        "load-json-file": {
          "version": "1.1.0",
          "bundled": true
        },
        "locate-path": {
          "version": "2.0.0",
          "bundled": true,
          "dependencies": {
            "path-exists": {
              "version": "3.0.0",
              "bundled": true
            }
          }
        },
        "lodash": {
          "version": "4.17.5",
          "bundled": true
        },
        "longest": {
          "version": "1.0.1",
          "bundled": true
        },
        "loose-envify": {
          "version": "1.3.1",
          "bundled": true
        },
        "lru-cache": {
          "version": "4.1.2",
          "bundled": true
        },
        "map-cache": {
          "version": "0.2.2",
          "bundled": true
        },
        "map-visit": {
          "version": "1.0.0",
          "bundled": true
        },
        "md5-hex": {
          "version": "1.3.0",
          "bundled": true
        },
        "md5-o-matic": {
          "version": "0.1.1",
          "bundled": true
        },
        "mem": {
          "version": "1.1.0",
          "bundled": true
        },
        "merge-source-map": {
          "version": "1.1.0",
          "bundled": true,
          "dependencies": {
            "source-map": {
              "version": "0.6.1",
              "bundled": true
            }
          }
        },
        "micromatch": {
          "version": "2.3.11",
          "bundled": true
        },
        "mimic-fn": {
          "version": "1.2.0",
          "bundled": true
        },
        "minimatch": {
          "version": "3.0.4",
          "bundled": true
        },
        "minimist": {
          "version": "0.0.8",
          "bundled": true
        },
        "mixin-deep": {
          "version": "1.3.1",
          "bundled": true,
          "dependencies": {
            "is-extendable": {
              "version": "1.0.1",
              "bundled": true
            }
          }
        },
        "mkdirp": {
          "version": "0.5.1",
          "bundled": true
        },
        "ms": {
          "version": "2.0.0",
          "bundled": true
        },
        "nanomatch": {
          "version": "1.2.9",
          "bundled": true,
          "dependencies": {
            "arr-diff": {
              "version": "4.0.0",
              "bundled": true
            },
            "array-unique": {
              "version": "0.3.2",
              "bundled": true
            },
            "kind-of": {
              "version": "6.0.2",
              "bundled": true
            }
          }
        },
        "normalize-package-data": {
          "version": "2.4.0",
          "bundled": true
        },
        "normalize-path": {
          "version": "2.1.1",
          "bundled": true
        },
        "npm-run-path": {
          "version": "2.0.2",
          "bundled": true
        },
        "number-is-nan": {
          "version": "1.0.1",
          "bundled": true
        },
        "object-assign": {
          "version": "4.1.1",
          "bundled": true
        },
        "object-copy": {
          "version": "0.1.0",
          "bundled": true,
          "dependencies": {
            "define-property": {
              "version": "0.2.5",
              "bundled": true
            },
            "is-accessor-descriptor": {
              "version": "0.1.6",
              "bundled": true
            },
            "is-data-descriptor": {
              "version": "0.1.4",
              "bundled": true
            },
            "is-descriptor": {
              "version": "0.1.6",
              "bundled": true,
              "dependencies": {
                "kind-of": {
                  "version": "5.1.0",
                  "bundled": true
                }
              }
            }
          }
        },
        "object-visit": {
          "version": "1.0.1",
          "bundled": true,
          "dependencies": {
            "isobject": {
              "version": "3.0.1",
              "bundled": true
            }
          }
        },
        "object.omit": {
          "version": "2.0.1",
          "bundled": true
        },
        "object.pick": {
          "version": "1.3.0",
          "bundled": true,
          "dependencies": {
            "isobject": {
              "version": "3.0.1",
              "bundled": true
            }
          }
        },
        "once": {
          "version": "1.4.0",
          "bundled": true
        },
        "optimist": {
          "version": "0.6.1",
          "bundled": true
        },
        "os-homedir": {
          "version": "1.0.2",
          "bundled": true
        },
        "os-locale": {
          "version": "2.1.0",
          "bundled": true
        },
        "p-finally": {
          "version": "1.0.0",
          "bundled": true
        },
        "p-limit": {
          "version": "1.2.0",
          "bundled": true
        },
        "p-locate": {
          "version": "2.0.0",
          "bundled": true
        },
        "p-try": {
          "version": "1.0.0",
          "bundled": true
        },
        "parse-glob": {
          "version": "3.0.4",
          "bundled": true
        },
        "parse-json": {
          "version": "2.2.0",
          "bundled": true
        },
        "pascalcase": {
          "version": "0.1.1",
          "bundled": true
        },
        "path-exists": {
          "version": "2.1.0",
          "bundled": true
        },
        "path-is-absolute": {
          "version": "1.0.1",
          "bundled": true
        },
        "path-key": {
          "version": "2.0.1",
          "bundled": true
        },
        "path-parse": {
          "version": "1.0.5",
          "bundled": true
        },
        "path-type": {
          "version": "1.1.0",
          "bundled": true
        },
        "pify": {
          "version": "2.3.0",
          "bundled": true
        },
        "pinkie": {
          "version": "2.0.4",
          "bundled": true
        },
        "pinkie-promise": {
          "version": "2.0.1",
          "bundled": true
        },
        "pkg-dir": {
          "version": "1.0.0",
          "bundled": true,
          "dependencies": {
            "find-up": {
              "version": "1.1.2",
              "bundled": true
            }
          }
        },
        "posix-character-classes": {
          "version": "0.1.1",
          "bundled": true
        },
        "preserve": {
          "version": "0.2.0",
          "bundled": true
        },
        "pseudomap": {
          "version": "1.0.2",
          "bundled": true
        },
        "randomatic": {
          "version": "1.1.7",
          "bundled": true,
          "dependencies": {
            "is-number": {
              "version": "3.0.0",
              "bundled": true,
              "dependencies": {
                "kind-of": {
                  "version": "3.2.2",
                  "bundled": true
                }
              }
            },
            "kind-of": {
              "version": "4.0.0",
              "bundled": true
            }
          }
        },
        "read-pkg": {
          "version": "1.1.0",
          "bundled": true
        },
        "read-pkg-up": {
          "version": "1.0.1",
          "bundled": true,
          "dependencies": {
            "find-up": {
              "version": "1.1.2",
              "bundled": true
            }
          }
        },
        "regenerator-runtime": {
          "version": "0.11.1",
          "bundled": true
        },
        "regex-cache": {
          "version": "0.4.4",
          "bundled": true
        },
        "regex-not": {
          "version": "1.0.2",
          "bundled": true
        },
        "remove-trailing-separator": {
          "version": "1.1.0",
          "bundled": true
        },
        "repeat-element": {
          "version": "1.1.2",
          "bundled": true
        },
        "repeat-string": {
          "version": "1.6.1",
          "bundled": true
        },
        "repeating": {
          "version": "2.0.1",
          "bundled": true
        },
        "require-directory": {
          "version": "2.1.1",
          "bundled": true
        },
        "require-main-filename": {
          "version": "1.0.1",
          "bundled": true
        },
        "resolve-from": {
          "version": "2.0.0",
          "bundled": true
        },
        "resolve-url": {
          "version": "0.2.1",
          "bundled": true
        },
        "ret": {
          "version": "0.1.15",
          "bundled": true
        },
        "right-align": {
          "version": "0.1.3",
          "bundled": true
        },
        "rimraf": {
          "version": "2.6.2",
          "bundled": true
        },
        "safe-regex": {
          "version": "1.1.0",
          "bundled": true
        },
        "semver": {
          "version": "5.5.0",
          "bundled": true
        },
        "set-blocking": {
          "version": "2.0.0",
          "bundled": true
        },
        "set-value": {
          "version": "2.0.0",
          "bundled": true,
          "dependencies": {
            "extend-shallow": {
              "version": "2.0.1",
              "bundled": true
            }
          }
        },
        "shebang-command": {
          "version": "1.2.0",
          "bundled": true
        },
        "shebang-regex": {
          "version": "1.0.0",
          "bundled": true
        },
        "signal-exit": {
          "version": "3.0.2",
          "bundled": true
        },
        "slide": {
          "version": "1.1.6",
          "bundled": true
        },
        "snapdragon": {
          "version": "0.8.2",
          "bundled": true,
          "dependencies": {
            "define-property": {
              "version": "0.2.5",
              "bundled": true
            },
            "extend-shallow": {
              "version": "2.0.1",
              "bundled": true
            },
            "is-accessor-descriptor": {
              "version": "0.1.6",
              "bundled": true,
              "dependencies": {
                "kind-of": {
                  "version": "3.2.2",
                  "bundled": true
                }
              }
            },
            "is-data-descriptor": {
              "version": "0.1.4",
              "bundled": true,
              "dependencies": {
                "kind-of": {
                  "version": "3.2.2",
                  "bundled": true
                }
              }
            },
            "is-descriptor": {
              "version": "0.1.6",
              "bundled": true
            },
            "kind-of": {
              "version": "5.1.0",
              "bundled": true
            }
          }
        },
        "snapdragon-node": {
          "version": "2.1.1",
          "bundled": true,
          "dependencies": {
            "define-property": {
              "version": "1.0.0",
              "bundled": true
            },
            "isobject": {
              "version": "3.0.1",
              "bundled": true
            }
          }
        },
        "snapdragon-util": {
          "version": "3.0.1",
          "bundled": true
        },
        "source-map": {
          "version": "0.5.7",
          "bundled": true
        },
        "source-map-resolve": {
          "version": "0.5.1",
          "bundled": true
        },
        "source-map-url": {
          "version": "0.4.0",
          "bundled": true
        },
        "spawn-wrap": {
          "version": "1.4.2",
          "bundled": true
        },
        "spdx-correct": {
          "version": "3.0.0",
          "bundled": true
        },
        "spdx-exceptions": {
          "version": "2.1.0",
          "bundled": true
        },
        "spdx-expression-parse": {
          "version": "3.0.0",
          "bundled": true
        },
        "spdx-license-ids": {
          "version": "3.0.0",
          "bundled": true
        },
        "split-string": {
          "version": "3.1.0",
          "bundled": true
        },
        "static-extend": {
          "version": "0.1.2",
          "bundled": true,
          "dependencies": {
            "define-property": {
              "version": "0.2.5",
              "bundled": true
            },
            "is-accessor-descriptor": {
              "version": "0.1.6",
              "bundled": true,
              "dependencies": {
                "kind-of": {
                  "version": "3.2.2",
                  "bundled": true
                }
              }
            },
            "is-data-descriptor": {
              "version": "0.1.4",
              "bundled": true,
              "dependencies": {
                "kind-of": {
                  "version": "3.2.2",
                  "bundled": true
                }
              }
            },
            "is-descriptor": {
              "version": "0.1.6",
              "bundled": true
            },
            "kind-of": {
              "version": "5.1.0",
              "bundled": true
            }
          }
        },
        "string-width": {
          "version": "2.1.1",
          "bundled": true,
          "dependencies": {
            "ansi-regex": {
              "version": "3.0.0",
              "bundled": true
            },
            "strip-ansi": {
              "version": "4.0.0",
              "bundled": true
            }
          }
        },
        "strip-ansi": {
          "version": "3.0.1",
          "bundled": true
        },
        "strip-bom": {
          "version": "2.0.0",
          "bundled": true
        },
        "strip-eof": {
          "version": "1.0.0",
          "bundled": true
        },
        "supports-color": {
          "version": "2.0.0",
          "bundled": true
        },
        "test-exclude": {
          "version": "4.2.1",
          "bundled": true,
          "dependencies": {
            "arr-diff": {
              "version": "4.0.0",
              "bundled": true
            },
            "array-unique": {
              "version": "0.3.2",
              "bundled": true
            },
            "braces": {
              "version": "2.3.1",
              "bundled": true,
              "dependencies": {
                "define-property": {
                  "version": "1.0.0",
                  "bundled": true
                },
                "extend-shallow": {
                  "version": "2.0.1",
                  "bundled": true
                }
              }
            },
            "expand-brackets": {
              "version": "2.1.4",
              "bundled": true,
              "dependencies": {
                "define-property": {
                  "version": "0.2.5",
                  "bundled": true
                },
                "extend-shallow": {
                  "version": "2.0.1",
                  "bundled": true
                },
                "is-descriptor": {
                  "version": "0.1.6",
                  "bundled": true
                },
                "kind-of": {
                  "version": "5.1.0",
                  "bundled": true
                }
              }
            },
            "extglob": {
              "version": "2.0.4",
              "bundled": true,
              "dependencies": {
                "define-property": {
                  "version": "1.0.0",
                  "bundled": true
                },
                "extend-shallow": {
                  "version": "2.0.1",
                  "bundled": true
                }
              }
            },
            "fill-range": {
              "version": "4.0.0",
              "bundled": true,
              "dependencies": {
                "extend-shallow": {
                  "version": "2.0.1",
                  "bundled": true
                }
              }
            },
            "is-accessor-descriptor": {
              "version": "0.1.6",
              "bundled": true,
              "dependencies": {
                "kind-of": {
                  "version": "3.2.2",
                  "bundled": true
                }
              }
            },
            "is-data-descriptor": {
              "version": "0.1.4",
              "bundled": true,
              "dependencies": {
                "kind-of": {
                  "version": "3.2.2",
                  "bundled": true
                }
              }
            },
            "is-number": {
              "version": "3.0.0",
              "bundled": true,
              "dependencies": {
                "kind-of": {
                  "version": "3.2.2",
                  "bundled": true
                }
              }
            },
            "isobject": {
              "version": "3.0.1",
              "bundled": true
            },
            "kind-of": {
              "version": "6.0.2",
              "bundled": true
            },
            "micromatch": {
              "version": "3.1.9",
              "bundled": true
            }
          }
        },
        "to-fast-properties": {
          "version": "1.0.3",
          "bundled": true
        },
        "to-object-path": {
          "version": "0.3.0",
          "bundled": true
        },
        "to-regex": {
          "version": "3.0.2",
          "bundled": true
        },
        "to-regex-range": {
          "version": "2.1.1",
          "bundled": true,
          "dependencies": {
            "is-number": {
              "version": "3.0.0",
              "bundled": true
            }
          }
        },
        "trim-right": {
          "version": "1.0.1",
          "bundled": true
        },
        "uglify-js": {
          "version": "2.8.29",
          "bundled": true,
          "dependencies": {
            "yargs": {
              "version": "3.10.0",
              "bundled": true
            }
          }
        },
        "uglify-to-browserify": {
          "version": "1.0.2",
          "bundled": true
        },
        "union-value": {
          "version": "1.0.0",
          "bundled": true,
          "dependencies": {
            "extend-shallow": {
              "version": "2.0.1",
              "bundled": true
            },
            "set-value": {
              "version": "0.4.3",
              "bundled": true
            }
          }
        },
        "unset-value": {
          "version": "1.0.0",
          "bundled": true,
          "dependencies": {
            "has-value": {
              "version": "0.3.1",
              "bundled": true,
              "dependencies": {
                "isobject": {
                  "version": "2.1.0",
                  "bundled": true
                }
              }
            },
            "has-values": {
              "version": "0.1.4",
              "bundled": true
            },
            "isobject": {
              "version": "3.0.1",
              "bundled": true
            }
          }
        },
        "urix": {
          "version": "0.1.0",
          "bundled": true
        },
        "use": {
          "version": "3.1.0",
          "bundled": true,
          "dependencies": {
            "kind-of": {
              "version": "6.0.2",
              "bundled": true
            }
          }
        },
        "validate-npm-package-license": {
          "version": "3.0.3",
          "bundled": true
        },
        "which": {
          "version": "1.3.0",
          "bundled": true
        },
        "which-module": {
          "version": "2.0.0",
          "bundled": true
        },
        "window-size": {
          "version": "0.1.0",
          "bundled": true
        },
        "wordwrap": {
          "version": "0.0.3",
          "bundled": true
        },
        "wrap-ansi": {
          "version": "2.1.0",
          "bundled": true,
          "dependencies": {
            "is-fullwidth-code-point": {
              "version": "1.0.0",
              "bundled": true
            },
            "string-width": {
              "version": "1.0.2",
              "bundled": true
            }
          }
        },
        "wrappy": {
          "version": "1.0.2",
          "bundled": true
        },
        "write-file-atomic": {
          "version": "1.3.4",
          "bundled": true
        },
        "y18n": {
          "version": "3.2.1",
          "bundled": true
        },
        "yallist": {
          "version": "2.1.2",
          "bundled": true
        },
        "yargs": {
          "version": "11.1.0",
          "bundled": true,
          "dependencies": {
            "ansi-regex": {
              "version": "3.0.0",
              "bundled": true
            },
            "camelcase": {
              "version": "4.1.0",
              "bundled": true
            },
            "cliui": {
              "version": "4.0.0",
              "bundled": true
            },
            "strip-ansi": {
              "version": "4.0.0",
              "bundled": true
            },
            "yargs-parser": {
              "version": "9.0.2",
              "bundled": true
            }
          }
        },
        "yargs-parser": {
          "version": "8.1.0",
          "bundled": true,
          "dependencies": {
            "camelcase": {
              "version": "4.1.0",
              "bundled": true
            }
          }
        }
      }
    },
    "once": {
      "version": "1.4.0",
      "resolved": "https://registry.npmjs.org/once/-/once-1.4.0.tgz",
      "integrity": "sha1-WDsap3WWHUsROsF9nFC6753Xa9E=",
      "dev": true
    },
    "path-is-absolute": {
      "version": "1.0.1",
      "resolved": "https://registry.npmjs.org/path-is-absolute/-/path-is-absolute-1.0.1.tgz",
      "integrity": "sha1-F0uSaHNVNP+8es5r9TpanhtcX18=",
      "dev": true
    },
    "rimraf": {
      "version": "2.6.3",
      "resolved": "https://registry.npmjs.org/rimraf/-/rimraf-2.6.3.tgz",
      "integrity": "sha512-mwqeW5XsA2qAejG46gYdENaxXjx9onRNCfn7L0duuP4hCuTIi/QO7PDK07KJfp1d+izWPrzEJDcSqBa0OZQriA==",
      "dev": true,
      "requires": {
        "glob": "^7.1.3"
      },
      "dependencies": {
        "glob": {
          "version": "7.1.4",
          "resolved": "https://registry.npmjs.org/glob/-/glob-7.1.4.tgz",
          "integrity": "sha512-hkLPepehmnKk41pUGm3sYxoFs/umurYfYJCerbXEyFIWcAzvpipAgVkBqqT9RBKMGjnq6kMuyYwha6csxbiM1A==",
          "dev": true,
          "requires": {
            "fs.realpath": "^1.0.0",
            "inflight": "^1.0.4",
            "inherits": "2",
            "minimatch": "^3.0.4",
            "once": "^1.3.0",
            "path-is-absolute": "^1.0.0"
          }
        }
      }
    }
  }
}
