{
  "name": "jasmine",
  "version": "1.0.0",
  "lockfileVersion": 1,
  "requires": true,
  "dependencies": {
    "@pact-foundation/pact-web": {
      "version": "8.2.6",
      "resolved": "https://registry.npmjs.org/@pact-foundation/pact-web/-/pact-web-8.2.6.tgz",
      "integrity": "sha512-/DyunI7RCYuVClZreqECne7JvxtDB0vJxKc2bgyktXQWTapm+ZytcJ8KcJL015LJ2USQTt0BIAnvG9G9HO8Yxg=="
    }
  }
}
